PODS:
  - Flutter (1.0.0)
  - flutter_beacon (0.3.0):
    - Flutter
  - flutter_speech (0.0.1):
    - Flutter
  - flutter_tts (0.0.1):
    - Flutter
  - text_to_speech (0.0.1):
    - Flutter
  - wifi_iot (0.0.1):
    - Flutter

DEPENDENCIES:
  - Flutter (from `Flutter`)
  - flutter_beacon (from `.symlinks/plugins/flutter_beacon/ios`)
  - flutter_speech (from `.symlinks/plugins/flutter_speech/ios`)
  - flutter_tts (from `.symlinks/plugins/flutter_tts/ios`)
  - text_to_speech (from `.symlinks/plugins/text_to_speech/ios`)
  - wifi_iot (from `.symlinks/plugins/wifi_iot/ios`)

EXTERNAL SOURCES:
  Flutter:
    :path: Flutter
  flutter_beacon:
    :path: ".symlinks/plugins/flutter_beacon/ios"
  flutter_speech:
    :path: ".symlinks/plugins/flutter_speech/ios"
  flutter_tts:
    :path: ".symlinks/plugins/flutter_tts/ios"
  text_to_speech:
    :path: ".symlinks/plugins/text_to_speech/ios"
  wifi_iot:
    :path: ".symlinks/plugins/wifi_iot/ios"

SPEC CHECKSUMS:
  Flutter: 434fef37c0980e73bb6479ef766c45957d4b510c
  flutter_beacon: 2525df9d96b904623f325968a73bac805e648119
  flutter_speech: d3db868ad1b390b5f6ac7308ec09b6b608545c03
  flutter_tts: 0f492aab6accf87059b72354fcb4ba934304771d
  text_to_speech: 8669facdbd5b72d2939b810493defd991634f6f9
  wifi_iot: b5aafd6f9b52f8a357383a1deabab45f31cd602d

PODFILE CHECKSUM: 0d9fef5af143fb31424e06e182feb5adb4e814fb

COCOAPODS: 1.10.1
